// !$*UTF8*$!
{
	archiveVersion = 1;
	classes = {
	};
	objectVersion = 46;
	objects = {

/* Begin PBXBuildFile section */
		4D037CC41A7B299C0019215D /* AppDelegate.swift in Sources */ = {isa = PBXBuildFile; fileRef = 4D037CC31A7B299C0019215D /* AppDelegate.swift */; };
		4D037CC61A7B299C0019215D /* ViewController.swift in Sources */ = {isa = PBXBuildFile; fileRef = 4D037CC51A7B299C0019215D /* ViewController.swift */; };
		4D037CC91A7B299C0019215D /* Main.storyboard in Resources */ = {isa = PBXBuildFile; fileRef = 4D037CC71A7B299C0019215D /* Main.storyboard */; };
		4D037CCB1A7B299C0019215D /* Images.xcassets in Resources */ = {isa = PBXBuildFile; fileRef = 4D037CCA1A7B299C0019215D /* Images.xcassets */; };
		4D037CCE1A7B299C0019215D /* LaunchScreen.xib in Resources */ = {isa = PBXBuildFile; fileRef = 4D037CCC1A7B299C0019215D /* LaunchScreen.xib */; };
		4D037CDA1A7B299C0019215D /* CoreDataParrotDemoTests.swift in Sources */ = {isa = PBXBuildFile; fileRef = 4D037CD91A7B299C0019215D /* CoreDataParrotDemoTests.swift */; };
		4D037CE51A7B29D10019215D /* ParrotQuery.swift in Sources */ = {isa = PBXBuildFile; fileRef = 4D037CE41A7B29D10019215D /* ParrotQuery.swift */; };
		4D037CE71A7B29E20019215D /* ParrotDataAgent.swift in Sources */ = {isa = PBXBuildFile; fileRef = 4D037CE61A7B29E20019215D /* ParrotDataAgent.swift */; };
		4D037CE91A7B29ED0019215D /* ParrotDataManager.swift in Sources */ = {isa = PBXBuildFile; fileRef = 4D037CE81A7B29ED0019215D /* ParrotDataManager.swift */; };
		4D037CEB1A7B29FD0019215D /* ParrotDataImporter.swift in Sources */ = {isa = PBXBuildFile; fileRef = 4D037CEA1A7B29FD0019215D /* ParrotDataImporter.swift */; };
		4D037CED1A7B2A4C0019215D /* ParrotResultController.swift in Sources */ = {isa = PBXBuildFile; fileRef = 4D037CEC1A7B2A4C0019215D /* ParrotResultController.swift */; };
/* End PBXBuildFile section */

/* Begin PBXContainerItemProxy section */
		4D037CD41A7B299C0019215D /* PBXContainerItemProxy */ = {
			isa = PBXContainerItemProxy;
			containerPortal = 4D037CB61A7B299C0019215D /* Project object */;
			proxyType = 1;
			remoteGlobalIDString = 4D037CBD1A7B299C0019215D;
			remoteInfo = CoreDataParrotDemo;
		};
/* End PBXContainerItemProxy section */

/* Begin PBXFileReference section */
		4D037CBE1A7B299C0019215D /* CoreDataParrotDemo.app */ = {isa = PBXFileReference; explicitFileType = wrapper.application; includeInIndex = 0; path = CoreDataParrotDemo.app; sourceTree = BUILT_PRODUCTS_DIR; };
		4D037CC21A7B299C0019215D /* Info.plist */ = {isa = PBXFileReference; lastKnownFileType = text.plist.xml; path = Info.plist; sourceTree = "<group>"; };
		4D037CC31A7B299C0019215D /* AppDelegate.swift */ = {isa = PBXFileReference; lastKnownFileType = sourcecode.swift; path = AppDelegate.swift; sourceTree = "<group>"; };
		4D037CC51A7B299C0019215D /* ViewController.swift */ = {isa = PBXFileReference; lastKnownFileType = sourcecode.swift; path = ViewController.swift; sourceTree = "<group>"; };
		4D037CC81A7B299C0019215D /* Base */ = {isa = PBXFileReference; lastKnownFileType = file.storyboard; name = Base; path = Base.lproj/Main.storyboard; sourceTree = "<group>"; };
		4D037CCA1A7B299C0019215D /* Images.xcassets */ = {isa = PBXFileReference; lastKnownFileType = folder.assetcatalog; path = Images.xcassets; sourceTree = "<group>"; };
		4D037CCD1A7B299C0019215D /* Base */ = {isa = PBXFileReference; lastKnownFileType = file.xib; name = Base; path = Base.lproj/LaunchScreen.xib; sourceTree = "<group>"; };
		4D037CD31A7B299C0019215D /* CoreDataParrotDemoTests.xctest */ = {isa = PBXFileReference; explicitFileType = wrapper.cfbundle; includeInIndex = 0; path = CoreDataParrotDemoTests.xctest; sourceTree = BUILT_PRODUCTS_DIR; };
		4D037CD81A7B299C0019215D /* Info.plist */ = {isa = PBXFileReference; lastKnownFileType = text.plist.xml; path = Info.plist; sourceTree = "<group>"; };
		4D037CD91A7B299C0019215D /* CoreDataParrotDemoTests.swift */ = {isa = PBXFileReference; lastKnownFileType = sourcecode.swift; path = CoreDataParrotDemoTests.swift; sourceTree = "<group>"; };
		4D037CE41A7B29D10019215D /* ParrotQuery.swift */ = {isa = PBXFileReference; fileEncoding = 4; lastKnownFileType = sourcecode.swift; path = ParrotQuery.swift; sourceTree = "<group>"; };
		4D037CE61A7B29E20019215D /* ParrotDataAgent.swift */ = {isa = PBXFileReference; fileEncoding = 4; lastKnownFileType = sourcecode.swift; path = ParrotDataAgent.swift; sourceTree = "<group>"; };
		4D037CE81A7B29ED0019215D /* ParrotDataManager.swift */ = {isa = PBXFileReference; fileEncoding = 4; lastKnownFileType = sourcecode.swift; path = ParrotDataManager.swift; sourceTree = "<group>"; };
		4D037CEA1A7B29FD0019215D /* ParrotDataImporter.swift */ = {isa = PBXFileReference; fileEncoding = 4; lastKnownFileType = sourcecode.swift; path = ParrotDataImporter.swift; sourceTree = "<group>"; };
		4D037CEC1A7B2A4C0019215D /* ParrotResultController.swift */ = {isa = PBXFileReference; fileEncoding = 4; lastKnownFileType = sourcecode.swift; path = ParrotResultController.swift; sourceTree = "<group>"; };
/* End PBXFileReference section */

/* Begin PBXFrameworksBuildPhase section */
		4D037CBB1A7B299C0019215D /* Frameworks */ = {
			isa = PBXFrameworksBuildPhase;
			buildActionMask = 2147483647;
			files = (
			);
			runOnlyForDeploymentPostprocessing = 0;
		};
		4D037CD01A7B299C0019215D /* Frameworks */ = {
			isa = PBXFrameworksBuildPhase;
			buildActionMask = 2147483647;
			files = (
			);
			runOnlyForDeploymentPostprocessing = 0;
		};
/* End PBXFrameworksBuildPhase section */

/* Begin PBXGroup section */
		4D037CB51A7B299C0019215D = {
			isa = PBXGroup;
			children = (
				4D037CC01A7B299C0019215D /* CoreDataParrotDemo */,
				4D037CD61A7B299C0019215D /* CoreDataParrotDemoTests */,
				4D037CBF1A7B299C0019215D /* Products */,
			);
			sourceTree = "<group>";
		};
		4D037CBF1A7B299C0019215D /* Products */ = {
			isa = PBXGroup;
			children = (
				4D037CBE1A7B299C0019215D /* CoreDataParrotDemo.app */,
				4D037CD31A7B299C0019215D /* CoreDataParrotDemoTests.xctest */,
			);
			name = Products;
			sourceTree = "<group>";
		};
		4D037CC01A7B299C0019215D /* CoreDataParrotDemo */ = {
			isa = PBXGroup;
			children = (
				4D037CE31A7B29B70019215D /* CoreDataParrot */,
				4D037CC31A7B299C0019215D /* AppDelegate.swift */,
				4D037CC51A7B299C0019215D /* ViewController.swift */,
				4D037CC71A7B299C0019215D /* Main.storyboard */,
				4D037CCA1A7B299C0019215D /* Images.xcassets */,
				4D037CCC1A7B299C0019215D /* LaunchScreen.xib */,
				4D037CC11A7B299C0019215D /* Supporting Files */,
			);
			path = CoreDataParrotDemo;
			sourceTree = "<group>";
		};
		4D037CC11A7B299C0019215D /* Supporting Files */ = {
			isa = PBXGroup;
			children = (
				4D037CC21A7B299C0019215D /* Info.plist */,
			);
			name = "Supporting Files";
			sourceTree = "<group>";
		};
		4D037CD61A7B299C0019215D /* CoreDataParrotDemoTests */ = {
			isa = PBXGroup;
			children = (
				4D037CD91A7B299C0019215D /* CoreDataParrotDemoTests.swift */,
				4D037CD71A7B299C0019215D /* Supporting Files */,
			);
			path = CoreDataParrotDemoTests;
			sourceTree = "<group>";
		};
		4D037CD71A7B299C0019215D /* Supporting Files */ = {
			isa = PBXGroup;
			children = (
				4D037CD81A7B299C0019215D /* Info.plist */,
			);
			name = "Supporting Files";
			sourceTree = "<group>";
		};
		4D037CE31A7B29B70019215D /* CoreDataParrot */ = {
			isa = PBXGroup;
			children = (
				4D037CE41A7B29D10019215D /* ParrotQuery.swift */,
				4D037CE61A7B29E20019215D /* ParrotDataAgent.swift */,
				4D037CE81A7B29ED0019215D /* ParrotDataManager.swift */,
				4D037CEA1A7B29FD0019215D /* ParrotDataImporter.swift */,
				4D037CEC1A7B2A4C0019215D /* ParrotResultController.swift */,
			);
			path = CoreDataParrot;
			sourceTree = "<group>";
		};
/* End PBXGroup section */

/* Begin PBXNativeTarget section */
		4D037CBD1A7B299C0019215D /* CoreDataParrotDemo */ = {
			isa = PBXNativeTarget;
			buildConfigurationList = 4D037CDD1A7B299C0019215D /* Build configuration list for PBXNativeTarget "CoreDataParrotDemo" */;
			buildPhases = (
				4D037CBA1A7B299C0019215D /* Sources */,
				4D037CBB1A7B299C0019215D /* Frameworks */,
				4D037CBC1A7B299C0019215D /* Resources */,
			);
			buildRules = (
			);
			dependencies = (
			);
			name = CoreDataParrotDemo;
			productName = CoreDataParrotDemo;
			productReference = 4D037CBE1A7B299C0019215D /* CoreDataParrotDemo.app */;
			productType = "com.apple.product-type.application";
		};
		4D037CD21A7B299C0019215D /* CoreDataParrotDemoTests */ = {
			isa = PBXNativeTarget;
			buildConfigurationList = 4D037CE01A7B299C0019215D /* Build configuration list for PBXNativeTarget "CoreDataParrotDemoTests" */;
			buildPhases = (
				4D037CCF1A7B299C0019215D /* Sources */,
				4D037CD01A7B299C0019215D /* Frameworks */,
				4D037CD11A7B299C0019215D /* Resources */,
			);
			buildRules = (
			);
			dependencies = (
				4D037CD51A7B299C0019215D /* PBXTargetDependency */,
			);
			name = CoreDataParrotDemoTests;
			productName = CoreDataParrotDemoTests;
			productReference = 4D037CD31A7B299C0019215D /* CoreDataParrotDemoTests.xctest */;
			productType = "com.apple.product-type.bundle.unit-test";
		};
/* End PBXNativeTarget section */

/* Begin PBXProject section */
		4D037CB61A7B299C0019215D /* Project object */ = {
			isa = PBXProject;
			attributes = {
				LastUpgradeCheck = 0610;
				ORGANIZATIONNAME = ran;
				TargetAttributes = {
					4D037CBD1A7B299C0019215D = {
						CreatedOnToolsVersion = 6.1.1;
					};
					4D037CD21A7B299C0019215D = {
						CreatedOnToolsVersion = 6.1.1;
						TestTargetID = 4D037CBD1A7B299C0019215D;
					};
				};
			};
			buildConfigurationList = 4D037CB91A7B299C0019215D /* Build configuration list for PBXProject "CoreDataParrotDemo" */;
			compatibilityVersion = "Xcode 3.2";
			developmentRegion = English;
			hasScannedForEncodings = 0;
			knownRegions = (
				en,
				Base,
			);
			mainGroup = 4D037CB51A7B299C0019215D;
			productRefGroup = 4D037CBF1A7B299C0019215D /* Products */;
			projectDirPath = "";
			projectRoot = "";
			targets = (
				4D037CBD1A7B299C0019215D /* CoreDataParrotDemo */,
				4D037CD21A7B299C0019215D /* CoreDataParrotDemoTests */,
			);
		};
/* End PBXProject section */

/* Begin PBXResourcesBuildPhase section */
		4D037CBC1A7B299C0019215D /* Resources */ = {
			isa = PBXResourcesBuildPhase;
			buildActionMask = 2147483647;
			files = (
				4D037CC91A7B299C0019215D /* Main.storyboard in Resources */,
				4D037CCE1A7B299C0019215D /* LaunchScreen.xib in Resources */,
				4D037CCB1A7B299C0019215D /* Images.xcassets in Resources */,
			);
			runOnlyForDeploymentPostprocessing = 0;
		};
		4D037CD11A7B299C0019215D /* Resources */ = {
			isa = PBXResourcesBuildPhase;
			buildActionMask = 2147483647;
			files = (
			);
			runOnlyForDeploymentPostprocessing = 0;
		};
/* End PBXResourcesBuildPhase section */

/* Begin PBXSourcesBuildPhase section */
		4D037CBA1A7B299C0019215D /* Sources */ = {
			isa = PBXSourcesBuildPhase;
			buildActionMask = 2147483647;
			files = (
				4D037CC61A7B299C0019215D /* ViewController.swift in Sources */,
				4D037CE91A7B29ED0019215D /* ParrotDataManager.swift in Sources */,
				4D037CE71A7B29E20019215D /* ParrotDataAgent.swift in Sources */,
				4D037CC41A7B299C0019215D /* AppDelegate.swift in Sources */,
				4D037CED1A7B2A4C0019215D /* ParrotResultController.swift in Sources */,
				4D037CE51A7B29D10019215D /* ParrotQuery.swift in Sources */,
				4D037CEB1A7B29FD0019215D /* ParrotDataImporter.swift in Sources */,
			);
			runOnlyForDeploymentPostprocessing = 0;
		};
		4D037CCF1A7B299C0019215D /* Sources */ = {
			isa = PBXSourcesBuildPhase;
			buildActionMask = 2147483647;
			files = (
				4D037CDA1A7B299C0019215D /* CoreDataParrotDemoTests.swift in Sources */,
			);
			runOnlyForDeploymentPostprocessing = 0;
		};
/* End PBXSourcesBuildPhase section */

/* Begin PBXTargetDependency section */
		4D037CD51A7B299C0019215D /* PBXTargetDependency */ = {
			isa = PBXTargetDependency;
			target = 4D037CBD1A7B299C0019215D /* CoreDataParrotDemo */;
			targetProxy = 4D037CD41A7B299C0019215D /* PBXContainerItemProxy */;
		};
/* End PBXTargetDependency section */

/* Begin PBXVariantGroup section */
		4D037CC71A7B299C0019215D /* Main.storyboard */ = {
			isa = PBXVariantGroup;
			children = (
				4D037CC81A7B299C0019215D /* Base */,
			);
			name = Main.storyboard;
			sourceTree = "<group>";
		};
		4D037CCC1A7B299C0019215D /* LaunchScreen.xib */ = {
			isa = PBXVariantGroup;
			children = (
				4D037CCD1A7B299C0019215D /* Base */,
			);
			name = LaunchScreen.xib;
			sourceTree = "<group>";
		};
/* End PBXVariantGroup section */

/* Begin XCBuildConfiguration section */
		4D037CDB1A7B299C0019215D /* Debug */ = {
			isa = XCBuildConfiguration;
			buildSettings = {
				ALWAYS_SEARCH_USER_PATHS = NO;
				CLANG_CXX_LANGUAGE_STANDARD = "gnu++0x";
				CLANG_CXX_LIBRARY = "libc++";
				CLANG_ENABLE_MODULES = YES;
				CLANG_ENABLE_OBJC_ARC = YES;
				CLANG_WARN_BOOL_CONVERSION = YES;
				CLANG_WARN_CONSTANT_CONVERSION = YES;
				CLANG_WARN_DIRECT_OBJC_ISA_USAGE = YES_ERROR;
				CLANG_WARN_EMPTY_BODY = YES;
				CLANG_WARN_ENUM_CONVERSION = YES;
				CLANG_WARN_INT_CONVERSION = YES;
				CLANG_WARN_OBJC_ROOT_CLASS = YES_ERROR;
				CLANG_WARN_UNREACHABLE_CODE = YES;
				CLANG_WARN__DUPLICATE_METHOD_MATCH = YES;
				"CODE_SIGN_IDENTITY[sdk=iphoneos*]" = "iPhone Developer";
				COPY_PHASE_STRIP = NO;
				ENABLE_STRICT_OBJC_MSGSEND = YES;
				GCC_C_LANGUAGE_STANDARD = gnu99;
				GCC_DYNAMIC_NO_PIC = NO;
				GCC_OPTIMIZATION_LEVEL = 0;
				GCC_PREPROCESSOR_DEFINITIONS = (
					"DEBUG=1",
					"$(inherited)",
				);
				GCC_SYMBOLS_PRIVATE_EXTERN = NO;
				GCC_WARN_64_TO_32_BIT_CONVERSION = YES;
				GCC_WARN_ABOUT_RETURN_TYPE = YES_ERROR;
				GCC_WARN_UNDECLARED_SELECTOR = YES;
				GCC_WARN_UNINITIALIZED_AUTOS = YES_AGGRESSIVE;
				GCC_WARN_UNUSED_FUNCTION = YES;
				GCC_WARN_UNUSED_VARIABLE = YES;
				IPHONEOS_DEPLOYMENT_TARGET = 8.1;
				MTL_ENABLE_DEBUG_INFO = YES;
				ONLY_ACTIVE_ARCH = YES;
				SDKROOT = iphoneos;
				SWIFT_OPTIMIZATION_LEVEL = "-Onone";
			};
			name = Debug;
		};
		4D037CDC1A7B299C0019215D /* Release */ = {
			isa = XCBuildConfiguration;
			buildSettings = {
				ALWAYS_SEARCH_USER_PATHS = NO;
				CLANG_CXX_LANGUAGE_STANDARD = "gnu++0x";
				CLANG_CXX_LIBRARY = "libc++";
				CLANG_ENABLE_MODULES = YES;
				CLANG_ENABLE_OBJC_ARC = YES;
				CLANG_WARN_BOOL_CONVERSION = YES;
				CLANG_WARN_CONSTANT_CONVERSION = YES;
				CLANG_WARN_DIRECT_OBJC_ISA_USAGE = YES_ERROR;
				CLANG_WARN_EMPTY_BODY = YES;
				CLANG_WARN_ENUM_CONVERSION = YES;
				CLANG_WARN_INT_CONVERSION = YES;
				CLANG_WARN_OBJC_ROOT_CLASS = YES_ERROR;
				CLANG_WARN_UNREACHABLE_CODE = YES;
				CLANG_WARN__DUPLICATE_METHOD_MATCH = YES;
				"CODE_SIGN_IDENTITY[sdk=iphoneos*]" = "iPhone Developer";
				COPY_PHASE_STRIP = YES;
				ENABLE_NS_ASSERTIONS = NO;
				ENABLE_STRICT_OBJC_MSGSEND = YES;
				GCC_C_LANGUAGE_STANDARD = gnu99;
				GCC_WARN_64_TO_32_BIT_CONVERSION = YES;
				GCC_WARN_ABOUT_RETURN_TYPE = YES_ERROR;
				GCC_WARN_UNDECLARED_SELECTOR = YES;
				GCC_WARN_UNINITIALIZED_AUTOS = YES_AGGRESSIVE;
				GCC_WARN_UNUSED_FUNCTION = YES;
				GCC_WARN_UNUSED_VARIABLE = YES;
				IPHONEOS_DEPLOYMENT_TARGET = 8.1;
				MTL_ENABLE_DEBUG_INFO = NO;
				SDKROOT = iphoneos;
				VALIDATE_PRODUCT = YES;
			};
			name = Release;
		};
		4D037CDE1A7B299C0019215D /* Debug */ = {
			isa = XCBuildConfiguration;
			buildSettings = {
				ASSETCATALOG_COMPILER_APPICON_NAME = AppIcon;
				INFOPLIST_FILE = CoreDataParrotDemo/Info.plist;
				LD_RUNPATH_SEARCH_PATHS = "$(inherited) @executable_path/Frameworks";
				PRODUCT_NAME = "$(TARGET_NAME)";
			};
			name = Debug;
		};
		4D037CDF1A7B299C0019215D /* Release */ = {
			isa = XCBuildConfiguration;
			buildSettings = {
				ASSETCATALOG_COMPILER_APPICON_NAME = AppIcon;
				INFOPLIST_FILE = CoreDataParrotDemo/Info.plist;
				LD_RUNPATH_SEARCH_PATHS = "$(inherited) @executable_path/Frameworks";
				PRODUCT_NAME = "$(TARGET_NAME)";
			};
			name = Release;
		};
		4D037CE11A7B299C0019215D /* Debug */ = {
			isa = XCBuildConfiguration;
			buildSettings = {
				BUNDLE_LOADER = "$(TEST_HOST)";
				FRAMEWORK_SEARCH_PATHS = (
					"$(SDKROOT)/Developer/Library/Frameworks",
					"$(inherited)",
				);
				GCC_PREPROCESSOR_DEFINITIONS = (
					"DEBUG=1",
					"$(inherited)",
				);
				INFOPLIST_FILE = CoreDataParrotDemoTests/Info.plist;
				LD_RUNPATH_SEARCH_PATHS = "$(inherited) @executable_path/Frameworks @loader_path/Frameworks";
				PRODUCT_NAME = "$(TARGET_NAME)";
				TEST_HOST = "$(BUILT_PRODUCTS_DIR)/CoreDataParrotDemo.app/CoreDataParrotDemo";
			};
			name = Debug;
		};
		4D037CE21A7B299C0019215D /* Release */ = {
			isa = XCBuildConfiguration;
			buildSettings = {
				BUNDLE_LOADER = "$(TEST_HOST)";
				FRAMEWORK_SEARCH_PATHS = (
					"$(SDKROOT)/Developer/Library/Frameworks",
					"$(inherited)",
				);
				INFOPLIST_FILE = CoreDataParrotDemoTests/Info.plist;
				LD_RUNPATH_SEARCH_PATHS = "$(inherited) @executable_path/Frameworks @loader_path/Frameworks";
				PRODUCT_NAME = "$(TARGET_NAME)";
				TEST_HOST = "$(BUILT_PRODUCTS_DIR)/CoreDataParrotDemo.app/CoreDataParrotDemo";
			};
			name = Release;
		};
/* End XCBuildConfiguration section */

/* Begin XCConfigurationList section */
		4D037CB91A7B299C0019215D /* Build configuration list for PBXProject "CoreDataParrotDemo" */ = {
			isa = XCConfigurationList;
			buildConfigurations = (
				4D037CDB1A7B299C0019215D /* Debug */,
				4D037CDC1A7B299C0019215D /* Release */,
			);
			defaultConfigurationIsVisible = 0;
			defaultConfigurationName = Release;
		};
		4D037CDD1A7B299C0019215D /* Build configuration list for PBXNativeTarget "CoreDataParrotDemo" */ = {
			isa = XCConfigurationList;
			buildConfigurations = (
				4D037CDE1A7B299C0019215D /* Debug */,
				4D037CDF1A7B299C0019215D /* Release */,
			);
			defaultConfigurationIsVisible = 0;
		};
		4D037CE01A7B299C0019215D /* Build configuration list for PBXNativeTarget "CoreDataParrotDemoTests" */ = {
			isa = XCConfigurationList;
			buildConfigurations = (
				4D037CE11A7B299C0019215D /* Debug */,
				4D037CE21A7B299C0019215D /* Release */,
			);
			defaultConfigurationIsVisible = 0;
		};
/* End XCConfigurationList section */
	};
	rootObject = 4D037CB61A7B299C0019215D /* Project object */;
}
